
Microsoft Visual Studio Solution File, Format Version 12.00
# Visual Studio Version 17
VisualStudioVersion = 17.2.32630.192
MinimumVisualStudioVersion = 10.0.40219.1
Project("{9A19103F-16F7-4668-BE54-9A1E7A4F7556}") = "R5T.T0240", "R5T.T0240\R5T.T0240.csproj", "{8CF87B35-48DC-4836-A279-CF8CA87D2666}"
EndProject
Project("{2150E333-8FDC-42A3-9474-1A3956D46DE8}") = "_Dependencies", "_Dependencies", "{E5677590-59B8-431E-BC8B-DF3DF2D36016}"
EndProject
Project("{9A19103F-16F7-4668-BE54-9A1E7A4F7556}") = "R5T.T0143", "..\..\R5T.T0143\source\R5T.T0143\R5T.T0143.csproj", "{5D0E386A-E44D-465F-BFBA-584250056F45}"
EndProject
Global
	GlobalSection(NestedProjects) = preSolution
		{5D0E386A-E44D-465F-BFBA-584250056F45} = {E5677590-59B8-431E-BC8B-DF3DF2D36016}
	EndGlobalSection
	GlobalSection(SolutionConfigurationPlatforms) = preSolution
		Debug|Any CPU = Debug|Any CPU
		Release|Any CPU = Release|Any CPU
	EndGlobalSection
	GlobalSection(ProjectConfigurationPlatforms) = postSolution
		{8CF87B35-48DC-4836-A279-CF8CA87D2666}.Debug|Any CPU.ActiveCfg = Debug|Any CPU
		{8CF87B35-48DC-4836-A279-CF8CA87D2666}.Debug|Any CPU.Build.0 = Debug|Any CPU
		{8CF87B35-48DC-4836-A279-CF8CA87D2666}.Release|Any CPU.ActiveCfg = Release|Any CPU
		{8CF87B35-48DC-4836-A279-CF8CA87D2666}.Release|Any CPU.Build.0 = Release|Any CPU
		{5D0E386A-E44D-465F-BFBA-584250056F45}.Debug|Any CPU.ActiveCfg = Debug|Any CPU
		{5D0E386A-E44D-465F-BFBA-584250056F45}.Debug|Any CPU.Build.0 = Debug|Any CPU
		{5D0E386A-E44D-465F-BFBA-584250056F45}.Release|Any CPU.ActiveCfg = Release|Any CPU
		{5D0E386A-E44D-465F-BFBA-584250056F45}.Release|Any CPU.Build.0 = Release|Any CPU
	EndGlobalSection
	GlobalSection(SolutionProperties) = preSolution
		HideSolutionNode = FALSE
	EndGlobalSection
	GlobalSection(ExtensibilityGlobals) = postSolution
		SolutionGuid = {90FF0A2A-910A-4C20-B381-D331A6011C4E}
	EndGlobalSection
EndGlobal
